
Microsoft Visual Studio Solution File, Format Version 12.00
# Visual Studio Version 17
VisualStudioVersion = 17.4.33205.214
MinimumVisualStudioVersion = 10.0.40219.1
Project("{8BC9CEB8-8B4A-11D0-8D11-00A0C91BC942}") = "AbstractFactory", "AbstractFactory\AbstractFactory.vcxproj", "{B1EDBA95-569A-4450-9DE8-18B3D9C2C17A}"
EndProject
Project("{8BC9CEB8-8B4A-11D0-8D11-00A0C91BC942}") = "FactoryMethod", "FactoryMethod\FactoryMethod.vcxproj", "{46C0FABC-F3EE-40A1-8640-D1B8A81BEADC}"
EndProject
Project("{8BC9CEB8-8B4A-11D0-8D11-00A0C91BC942}") = "Prototype", "Prototype\Prototype.vcxproj", "{9CDA9EAE-A6F9-4C40-92FB-19F31D3A52E4}"
EndProject
Project("{FAE04EC0-301F-11D3-BF4B-00C04F79EFBC}") = "Singleton", "Singleton\Singleton.csproj", "{68814C6E-E17B-4470-B3AA-A281E6E0B3FB}"
EndProject
Project("{8BC9CEB8-8B4A-11D0-8D11-00A0C91BC942}") = "Composite", "Composite\Composite.vcxproj", "{6DE527DB-DC6C-4222-AF75-9B8B23353C29}"
EndProject
Project("{8BC9CEB8-8B4A-11D0-8D11-00A0C91BC942}") = "Decorator", "Decorator\Decorator.vcxproj", "{E0F3F584-C332-4E4C-B21C-BF9011A67F2D}"
EndProject
Project("{8BC9CEB8-8B4A-11D0-8D11-00A0C91BC942}") = "Proxy", "Proxy\Proxy.vcxproj", "{2166823D-171F-4F5C-A1B8-D8700D2B103A}"
EndProject
Project("{8BC9CEB8-8B4A-11D0-8D11-00A0C91BC942}") = "Command", "Command\Command.vcxproj", "{9ACA980D-2773-46CE-92B8-EB9A01001F67}"
EndProject
Project("{8BC9CEB8-8B4A-11D0-8D11-00A0C91BC942}") = "Iterator", "Iterator\Iterator.vcxproj", "{E054BA70-FAAE-4315-B471-E3C45463D89A}"
EndProject
Project("{8BC9CEB8-8B4A-11D0-8D11-00A0C91BC942}") = "Memento", "Memento\Memento.vcxproj", "{256FC159-4AEC-41E3-A4C8-09A6E20E5764}"
EndProject
Project("{8BC9CEB8-8B4A-11D0-8D11-00A0C91BC942}") = "Observer", "Observer\Observer.vcxproj", "{A438E446-777A-48DD-A0E2-94513D7BA111}"
EndProject
Project("{8BC9CEB8-8B4A-11D0-8D11-00A0C91BC942}") = "Strategy", "Strategy\Strategy.vcxproj", "{80E46EC2-79C8-438A-8CED-5ED58F5F56EE}"
EndProject
Project("{8BC9CEB8-8B4A-11D0-8D11-00A0C91BC942}") = "TemplateMethod", "TemplateMethod\TemplateMethod.vcxproj", "{294054FF-CE80-4F09-97AB-85C675DF1E36}"
EndProject
Project("{8BC9CEB8-8B4A-11D0-8D11-00A0C91BC942}") = "Adapter_object", "Adapter_object\Adapter_object.vcxproj", "{A5E5F538-7E9C-4205-9EC9-149FCE44D0C5}"
EndProject
Project("{8BC9CEB8-8B4A-11D0-8D11-00A0C91BC942}") = "Chain of Responsibility", "Chain of Responsibility\Chain of Responsibility.vcxproj", "{32917F19-6DEF-405C-A97B-5B275347C434}"
EndProject
Project("{8BC9CEB8-8B4A-11D0-8D11-00A0C91BC942}") = "Bridge", "Bridge\Bridge.vcxproj", "{0DFEE650-E162-46C5-81D8-3CD749CC7AA9}"
EndProject
Project("{8BC9CEB8-8B4A-11D0-8D11-00A0C91BC942}") = "Visitor", "Visitor\Visitor.vcxproj", "{A53F64C4-0569-4D60-A87C-C5D4A85AB5B6}"
EndProject
Global
	GlobalSection(SolutionConfigurationPlatforms) = preSolution
		Debug|Any CPU = Debug|Any CPU
		Debug|x64 = Debug|x64
		Debug|x86 = Debug|x86
		Release|Any CPU = Release|Any CPU
		Release|x64 = Release|x64
		Release|x86 = Release|x86
	EndGlobalSection
	GlobalSection(ProjectConfigurationPlatforms) = postSolution
		{B1EDBA95-569A-4450-9DE8-18B3D9C2C17A}.Debug|Any CPU.ActiveCfg = Debug|x64
		{B1EDBA95-569A-4450-9DE8-18B3D9C2C17A}.Debug|Any CPU.Build.0 = Debug|x64
		{B1EDBA95-569A-4450-9DE8-18B3D9C2C17A}.Debug|x64.ActiveCfg = Debug|x64
		{B1EDBA95-569A-4450-9DE8-18B3D9C2C17A}.Debug|x64.Build.0 = Debug|x64
		{B1EDBA95-569A-4450-9DE8-18B3D9C2C17A}.Debug|x86.ActiveCfg = Debug|Win32
		{B1EDBA95-569A-4450-9DE8-18B3D9C2C17A}.Debug|x86.Build.0 = Debug|Win32
		{B1EDBA95-569A-4450-9DE8-18B3D9C2C17A}.Release|Any CPU.ActiveCfg = Release|x64
		{B1EDBA95-569A-4450-9DE8-18B3D9C2C17A}.Release|Any CPU.Build.0 = Release|x64
		{B1EDBA95-569A-4450-9DE8-18B3D9C2C17A}.Release|x64.ActiveCfg = Release|x64
		{B1EDBA95-569A-4450-9DE8-18B3D9C2C17A}.Release|x64.Build.0 = Release|x64
		{B1EDBA95-569A-4450-9DE8-18B3D9C2C17A}.Release|x86.ActiveCfg = Release|Win32
		{B1EDBA95-569A-4450-9DE8-18B3D9C2C17A}.Release|x86.Build.0 = Release|Win32
		{46C0FABC-F3EE-40A1-8640-D1B8A81BEADC}.Debug|Any CPU.ActiveCfg = Debug|x64
		{46C0FABC-F3EE-40A1-8640-D1B8A81BEADC}.Debug|Any CPU.Build.0 = Debug|x64
		{46C0FABC-F3EE-40A1-8640-D1B8A81BEADC}.Debug|x64.ActiveCfg = Debug|x64
		{46C0FABC-F3EE-40A1-8640-D1B8A81BEADC}.Debug|x64.Build.0 = Debug|x64
		{46C0FABC-F3EE-40A1-8640-D1B8A81BEADC}.Debug|x86.ActiveCfg = Debug|Win32
		{46C0FABC-F3EE-40A1-8640-D1B8A81BEADC}.Debug|x86.Build.0 = Debug|Win32
		{46C0FABC-F3EE-40A1-8640-D1B8A81BEADC}.Release|Any CPU.ActiveCfg = Release|x64
		{46C0FABC-F3EE-40A1-8640-D1B8A81BEADC}.Release|Any CPU.Build.0 = Release|x64
		{46C0FABC-F3EE-40A1-8640-D1B8A81BEADC}.Release|x64.ActiveCfg = Release|x64
		{46C0FABC-F3EE-40A1-8640-D1B8A81BEADC}.Release|x64.Build.0 = Release|x64
		{46C0FABC-F3EE-40A1-8640-D1B8A81BEADC}.Release|x86.ActiveCfg = Release|Win32
		{46C0FABC-F3EE-40A1-8640-D1B8A81BEADC}.Release|x86.Build.0 = Release|Win32
		{9CDA9EAE-A6F9-4C40-92FB-19F31D3A52E4}.Debug|Any CPU.ActiveCfg = Debug|x64
		{9CDA9EAE-A6F9-4C40-92FB-19F31D3A52E4}.Debug|Any CPU.Build.0 = Debug|x64
		{9CDA9EAE-A6F9-4C40-92FB-19F31D3A52E4}.Debug|x64.ActiveCfg = Debug|x64
		{9CDA9EAE-A6F9-4C40-92FB-19F31D3A52E4}.Debug|x64.Build.0 = Debug|x64
		{9CDA9EAE-A6F9-4C40-92FB-19F31D3A52E4}.Debug|x86.ActiveCfg = Debug|Win32
		{9CDA9EAE-A6F9-4C40-92FB-19F31D3A52E4}.Debug|x86.Build.0 = Debug|Win32
		{9CDA9EAE-A6F9-4C40-92FB-19F31D3A52E4}.Release|Any CPU.ActiveCfg = Release|x64
		{9CDA9EAE-A6F9-4C40-92FB-19F31D3A52E4}.Release|Any CPU.Build.0 = Release|x64
		{9CDA9EAE-A6F9-4C40-92FB-19F31D3A52E4}.Release|x64.ActiveCfg = Release|x64
		{9CDA9EAE-A6F9-4C40-92FB-19F31D3A52E4}.Release|x64.Build.0 = Release|x64
		{9CDA9EAE-A6F9-4C40-92FB-19F31D3A52E4}.Release|x86.ActiveCfg = Release|Win32
		{9CDA9EAE-A6F9-4C40-92FB-19F31D3A52E4}.Release|x86.Build.0 = Release|Win32
		{68814C6E-E17B-4470-B3AA-A281E6E0B3FB}.Debug|Any CPU.ActiveCfg = Debug|Any CPU
		{68814C6E-E17B-4470-B3AA-A281E6E0B3FB}.Debug|Any CPU.Build.0 = Debug|Any CPU
		{68814C6E-E17B-4470-B3AA-A281E6E0B3FB}.Debug|x64.ActiveCfg = Debug|Any CPU
		{68814C6E-E17B-4470-B3AA-A281E6E0B3FB}.Debug|x64.Build.0 = Debug|Any CPU
		{68814C6E-E17B-4470-B3AA-A281E6E0B3FB}.Debug|x86.ActiveCfg = Debug|Any CPU
		{68814C6E-E17B-4470-B3AA-A281E6E0B3FB}.Debug|x86.Build.0 = Debug|Any CPU
		{68814C6E-E17B-4470-B3AA-A281E6E0B3FB}.Release|Any CPU.ActiveCfg = Release|Any CPU
		{68814C6E-E17B-4470-B3AA-A281E6E0B3FB}.Release|Any CPU.Build.0 = Release|Any CPU
		{68814C6E-E17B-4470-B3AA-A281E6E0B3FB}.Release|x64.ActiveCfg = Release|Any CPU
		{68814C6E-E17B-4470-B3AA-A281E6E0B3FB}.Release|x64.Build.0 = Release|Any CPU
		{68814C6E-E17B-4470-B3AA-A281E6E0B3FB}.Release|x86.ActiveCfg = Release|Any CPU
		{68814C6E-E17B-4470-B3AA-A281E6E0B3FB}.Release|x86.Build.0 = Release|Any CPU
		{6DE527DB-DC6C-4222-AF75-9B8B23353C29}.Debug|Any CPU.ActiveCfg = Debug|x64
		{6DE527DB-DC6C-4222-AF75-9B8B23353C29}.Debug|Any CPU.Build.0 = Debug|x64
		{6DE527DB-DC6C-4222-AF75-9B8B23353C29}.Debug|x64.ActiveCfg = Debug|x64
		{6DE527DB-DC6C-4222-AF75-9B8B23353C29}.Debug|x64.Build.0 = Debug|x64
		{6DE527DB-DC6C-4222-AF75-9B8B23353C29}.Debug|x86.ActiveCfg = Debug|Win32
		{6DE527DB-DC6C-4222-AF75-9B8B23353C29}.Debug|x86.Build.0 = Debug|Win32
		{6DE527DB-DC6C-4222-AF75-9B8B23353C29}.Release|Any CPU.ActiveCfg = Release|x64
		{6DE527DB-DC6C-4222-AF75-9B8B23353C29}.Release|Any CPU.Build.0 = Release|x64
		{6DE527DB-DC6C-4222-AF75-9B8B23353C29}.Release|x64.ActiveCfg = Release|x64
		{6DE527DB-DC6C-4222-AF75-9B8B23353C29}.Release|x64.Build.0 = Release|x64
		{6DE527DB-DC6C-4222-AF75-9B8B23353C29}.Release|x86.ActiveCfg = Release|Win32
		{6DE527DB-DC6C-4222-AF75-9B8B23353C29}.Release|x86.Build.0 = Release|Win32
		{E0F3F584-C332-4E4C-B21C-BF9011A67F2D}.Debug|Any CPU.ActiveCfg = Debug|x64
		{E0F3F584-C332-4E4C-B21C-BF9011A67F2D}.Debug|Any CPU.Build.0 = Debug|x64
		{E0F3F584-C332-4E4C-B21C-BF9011A67F2D}.Debug|x64.ActiveCfg = Debug|x64
		{E0F3F584-C332-4E4C-B21C-BF9011A67F2D}.Debug|x64.Build.0 = Debug|x64
		{E0F3F584-C332-4E4C-B21C-BF9011A67F2D}.Debug|x86.ActiveCfg = Debug|Win32
		{E0F3F584-C332-4E4C-B21C-BF9011A67F2D}.Debug|x86.Build.0 = Debug|Win32
		{E0F3F584-C332-4E4C-B21C-BF9011A67F2D}.Release|Any CPU.ActiveCfg = Release|x64
		{E0F3F584-C332-4E4C-B21C-BF9011A67F2D}.Release|Any CPU.Build.0 = Release|x64
		{E0F3F584-C332-4E4C-B21C-BF9011A67F2D}.Release|x64.ActiveCfg = Release|x64
		{E0F3F584-C332-4E4C-B21C-BF9011A67F2D}.Release|x64.Build.0 = Release|x64
		{E0F3F584-C332-4E4C-B21C-BF9011A67F2D}.Release|x86.ActiveCfg = Release|Win32
		{E0F3F584-C332-4E4C-B21C-BF9011A67F2D}.Release|x86.Build.0 = Release|Win32
		{2166823D-171F-4F5C-A1B8-D8700D2B103A}.Debug|Any CPU.ActiveCfg = Debug|x64
		{2166823D-171F-4F5C-A1B8-D8700D2B103A}.Debug|Any CPU.Build.0 = Debug|x64
		{2166823D-171F-4F5C-A1B8-D8700D2B103A}.Debug|x64.ActiveCfg = Debug|x64
		{2166823D-171F-4F5C-A1B8-D8700D2B103A}.Debug|x64.Build.0 = Debug|x64
		{2166823D-171F-4F5C-A1B8-D8700D2B103A}.Debug|x86.ActiveCfg = Debug|Win32
		{2166823D-171F-4F5C-A1B8-D8700D2B103A}.Debug|x86.Build.0 = Debug|Win32
		{2166823D-171F-4F5C-A1B8-D8700D2B103A}.Release|Any CPU.ActiveCfg = Release|x64
		{2166823D-171F-4F5C-A1B8-D8700D2B103A}.Release|Any CPU.Build.0 = Release|x64
		{2166823D-171F-4F5C-A1B8-D8700D2B103A}.Release|x64.ActiveCfg = Release|x64
		{2166823D-171F-4F5C-A1B8-D8700D2B103A}.Release|x64.Build.0 = Release|x64
		{2166823D-171F-4F5C-A1B8-D8700D2B103A}.Release|x86.ActiveCfg = Release|Win32
		{2166823D-171F-4F5C-A1B8-D8700D2B103A}.Release|x86.Build.0 = Release|Win32
		{9ACA980D-2773-46CE-92B8-EB9A01001F67}.Debug|Any CPU.ActiveCfg = Debug|x64
		{9ACA980D-2773-46CE-92B8-EB9A01001F67}.Debug|Any CPU.Build.0 = Debug|x64
		{9ACA980D-2773-46CE-92B8-EB9A01001F67}.Debug|x64.ActiveCfg = Debug|x64
		{9ACA980D-2773-46CE-92B8-EB9A01001F67}.Debug|x64.Build.0 = Debug|x64
		{9ACA980D-2773-46CE-92B8-EB9A01001F67}.Debug|x86.ActiveCfg = Debug|Win32
		{9ACA980D-2773-46CE-92B8-EB9A01001F67}.Debug|x86.Build.0 = Debug|Win32
		{9ACA980D-2773-46CE-92B8-EB9A01001F67}.Release|Any CPU.ActiveCfg = Release|x64
		{9ACA980D-2773-46CE-92B8-EB9A01001F67}.Release|Any CPU.Build.0 = Release|x64
		{9ACA980D-2773-46CE-92B8-EB9A01001F67}.Release|x64.ActiveCfg = Release|x64
		{9ACA980D-2773-46CE-92B8-EB9A01001F67}.Release|x64.Build.0 = Release|x64
		{9ACA980D-2773-46CE-92B8-EB9A01001F67}.Release|x86.ActiveCfg = Release|Win32
		{9ACA980D-2773-46CE-92B8-EB9A01001F67}.Release|x86.Build.0 = Release|Win32
		{E054BA70-FAAE-4315-B471-E3C45463D89A}.Debug|Any CPU.ActiveCfg = Debug|x64
		{E054BA70-FAAE-4315-B471-E3C45463D89A}.Debug|Any CPU.Build.0 = Debug|x64
		{E054BA70-FAAE-4315-B471-E3C45463D89A}.Debug|x64.ActiveCfg = Debug|x64
		{E054BA70-FAAE-4315-B471-E3C45463D89A}.Debug|x64.Build.0 = Debug|x64
		{E054BA70-FAAE-4315-B471-E3C45463D89A}.Debug|x86.ActiveCfg = Debug|Win32
		{E054BA70-FAAE-4315-B471-E3C45463D89A}.Debug|x86.Build.0 = Debug|Win32
		{E054BA70-FAAE-4315-B471-E3C45463D89A}.Release|Any CPU.ActiveCfg = Release|x64
		{E054BA70-FAAE-4315-B471-E3C45463D89A}.Release|Any CPU.Build.0 = Release|x64
		{E054BA70-FAAE-4315-B471-E3C45463D89A}.Release|x64.ActiveCfg = Release|x64
		{E054BA70-FAAE-4315-B471-E3C45463D89A}.Release|x64.Build.0 = Release|x64
		{E054BA70-FAAE-4315-B471-E3C45463D89A}.Release|x86.ActiveCfg = Release|Win32
		{E054BA70-FAAE-4315-B471-E3C45463D89A}.Release|x86.Build.0 = Release|Win32
		{256FC159-4AEC-41E3-A4C8-09A6E20E5764}.Debug|Any CPU.ActiveCfg = Debug|x64
		{256FC159-4AEC-41E3-A4C8-09A6E20E5764}.Debug|Any CPU.Build.0 = Debug|x64
		{256FC159-4AEC-41E3-A4C8-09A6E20E5764}.Debug|x64.ActiveCfg = Debug|x64
		{256FC159-4AEC-41E3-A4C8-09A6E20E5764}.Debug|x64.Build.0 = Debug|x64
		{256FC159-4AEC-41E3-A4C8-09A6E20E5764}.Debug|x86.ActiveCfg = Debug|Win32
		{256FC159-4AEC-41E3-A4C8-09A6E20E5764}.Debug|x86.Build.0 = Debug|Win32
		{256FC159-4AEC-41E3-A4C8-09A6E20E5764}.Release|Any CPU.ActiveCfg = Release|x64
		{256FC159-4AEC-41E3-A4C8-09A6E20E5764}.Release|Any CPU.Build.0 = Release|x64
		{256FC159-4AEC-41E3-A4C8-09A6E20E5764}.Release|x64.ActiveCfg = Release|x64
		{256FC159-4AEC-41E3-A4C8-09A6E20E5764}.Release|x64.Build.0 = Release|x64
		{256FC159-4AEC-41E3-A4C8-09A6E20E5764}.Release|x86.ActiveCfg = Release|Win32
		{256FC159-4AEC-41E3-A4C8-09A6E20E5764}.Release|x86.Build.0 = Release|Win32
		{A438E446-777A-48DD-A0E2-94513D7BA111}.Debug|Any CPU.ActiveCfg = Debug|x64
		{A438E446-777A-48DD-A0E2-94513D7BA111}.Debug|Any CPU.Build.0 = Debug|x64
		{A438E446-777A-48DD-A0E2-94513D7BA111}.Debug|x64.ActiveCfg = Debug|x64
		{A438E446-777A-48DD-A0E2-94513D7BA111}.Debug|x64.Build.0 = Debug|x64
		{A438E446-777A-48DD-A0E2-94513D7BA111}.Debug|x86.ActiveCfg = Debug|Win32
		{A438E446-777A-48DD-A0E2-94513D7BA111}.Debug|x86.Build.0 = Debug|Win32
		{A438E446-777A-48DD-A0E2-94513D7BA111}.Release|Any CPU.ActiveCfg = Release|x64
		{A438E446-777A-48DD-A0E2-94513D7BA111}.Release|Any CPU.Build.0 = Release|x64
		{A438E446-777A-48DD-A0E2-94513D7BA111}.Release|x64.ActiveCfg = Release|x64
		{A438E446-777A-48DD-A0E2-94513D7BA111}.Release|x64.Build.0 = Release|x64
		{A438E446-777A-48DD-A0E2-94513D7BA111}.Release|x86.ActiveCfg = Release|Win32
		{A438E446-777A-48DD-A0E2-94513D7BA111}.Release|x86.Build.0 = Release|Win32
		{80E46EC2-79C8-438A-8CED-5ED58F5F56EE}.Debug|Any CPU.ActiveCfg = Debug|x64
		{80E46EC2-79C8-438A-8CED-5ED58F5F56EE}.Debug|Any CPU.Build.0 = Debug|x64
		{80E46EC2-79C8-438A-8CED-5ED58F5F56EE}.Debug|x64.ActiveCfg = Debug|x64
		{80E46EC2-79C8-438A-8CED-5ED58F5F56EE}.Debug|x64.Build.0 = Debug|x64
		{80E46EC2-79C8-438A-8CED-5ED58F5F56EE}.Debug|x86.ActiveCfg = Debug|Win32
		{80E46EC2-79C8-438A-8CED-5ED58F5F56EE}.Debug|x86.Build.0 = Debug|Win32
		{80E46EC2-79C8-438A-8CED-5ED58F5F56EE}.Release|Any CPU.ActiveCfg = Release|x64
		{80E46EC2-79C8-438A-8CED-5ED58F5F56EE}.Release|Any CPU.Build.0 = Release|x64
		{80E46EC2-79C8-438A-8CED-5ED58F5F56EE}.Release|x64.ActiveCfg = Release|x64
		{80E46EC2-79C8-438A-8CED-5ED58F5F56EE}.Release|x64.Build.0 = Release|x64
		{80E46EC2-79C8-438A-8CED-5ED58F5F56EE}.Release|x86.ActiveCfg = Release|Win32
		{80E46EC2-79C8-438A-8CED-5ED58F5F56EE}.Release|x86.Build.0 = Release|Win32
		{294054FF-CE80-4F09-97AB-85C675DF1E36}.Debug|Any CPU.ActiveCfg = Debug|x64
		{294054FF-CE80-4F09-97AB-85C675DF1E36}.Debug|Any CPU.Build.0 = Debug|x64
		{294054FF-CE80-4F09-97AB-85C675DF1E36}.Debug|x64.ActiveCfg = Debug|x64
		{294054FF-CE80-4F09-97AB-85C675DF1E36}.Debug|x64.Build.0 = Debug|x64
		{294054FF-CE80-4F09-97AB-85C675DF1E36}.Debug|x86.ActiveCfg = Debug|Win32
		{294054FF-CE80-4F09-97AB-85C675DF1E36}.Debug|x86.Build.0 = Debug|Win32
		{294054FF-CE80-4F09-97AB-85C675DF1E36}.Release|Any CPU.ActiveCfg = Release|x64
		{294054FF-CE80-4F09-97AB-85C675DF1E36}.Release|Any CPU.Build.0 = Release|x64
		{294054FF-CE80-4F09-97AB-85C675DF1E36}.Release|x64.ActiveCfg = Release|x64
		{294054FF-CE80-4F09-97AB-85C675DF1E36}.Release|x64.Build.0 = Release|x64
		{294054FF-CE80-4F09-97AB-85C675DF1E36}.Release|x86.ActiveCfg = Release|Win32
		{294054FF-CE80-4F09-97AB-85C675DF1E36}.Release|x86.Build.0 = Release|Win32
		{A5E5F538-7E9C-4205-9EC9-149FCE44D0C5}.Debug|Any CPU.ActiveCfg = Debug|x64
		{A5E5F538-7E9C-4205-9EC9-149FCE44D0C5}.Debug|Any CPU.Build.0 = Debug|x64
		{A5E5F538-7E9C-4205-9EC9-149FCE44D0C5}.Debug|x64.ActiveCfg = Debug|x64
		{A5E5F538-7E9C-4205-9EC9-149FCE44D0C5}.Debug|x64.Build.0 = Debug|x64
		{A5E5F538-7E9C-4205-9EC9-149FCE44D0C5}.Debug|x86.ActiveCfg = Debug|Win32
		{A5E5F538-7E9C-4205-9EC9-149FCE44D0C5}.Debug|x86.Build.0 = Debug|Win32
		{A5E5F538-7E9C-4205-9EC9-149FCE44D0C5}.Release|Any CPU.ActiveCfg = Release|x64
		{A5E5F538-7E9C-4205-9EC9-149FCE44D0C5}.Release|Any CPU.Build.0 = Release|x64
		{A5E5F538-7E9C-4205-9EC9-149FCE44D0C5}.Release|x64.ActiveCfg = Release|x64
		{A5E5F538-7E9C-4205-9EC9-149FCE44D0C5}.Release|x64.Build.0 = Release|x64
		{A5E5F538-7E9C-4205-9EC9-149FCE44D0C5}.Release|x86.ActiveCfg = Release|Win32
		{A5E5F538-7E9C-4205-9EC9-149FCE44D0C5}.Release|x86.Build.0 = Release|Win32
		{32917F19-6DEF-405C-A97B-5B275347C434}.Debug|Any CPU.ActiveCfg = Debug|x64
		{32917F19-6DEF-405C-A97B-5B275347C434}.Debug|Any CPU.Build.0 = Debug|x64
		{32917F19-6DEF-405C-A97B-5B275347C434}.Debug|x64.ActiveCfg = Debug|x64
		{32917F19-6DEF-405C-A97B-5B275347C434}.Debug|x64.Build.0 = Debug|x64
		{32917F19-6DEF-405C-A97B-5B275347C434}.Debug|x86.ActiveCfg = Debug|Win32
		{32917F19-6DEF-405C-A97B-5B275347C434}.Debug|x86.Build.0 = Debug|Win32
		{32917F19-6DEF-405C-A97B-5B275347C434}.Release|Any CPU.ActiveCfg = Release|x64
		{32917F19-6DEF-405C-A97B-5B275347C434}.Release|Any CPU.Build.0 = Release|x64
		{32917F19-6DEF-405C-A97B-5B275347C434}.Release|x64.ActiveCfg = Release|x64
		{32917F19-6DEF-405C-A97B-5B275347C434}.Release|x64.Build.0 = Release|x64
		{32917F19-6DEF-405C-A97B-5B275347C434}.Release|x86.ActiveCfg = Release|Win32
		{32917F19-6DEF-405C-A97B-5B275347C434}.Release|x86.Build.0 = Release|Win32
		{0DFEE650-E162-46C5-81D8-3CD749CC7AA9}.Debug|Any CPU.ActiveCfg = Debug|x64
		{0DFEE650-E162-46C5-81D8-3CD749CC7AA9}.Debug|Any CPU.Build.0 = Debug|x64
		{0DFEE650-E162-46C5-81D8-3CD749CC7AA9}.Debug|x64.ActiveCfg = Debug|x64
		{0DFEE650-E162-46C5-81D8-3CD749CC7AA9}.Debug|x64.Build.0 = Debug|x64
		{0DFEE650-E162-46C5-81D8-3CD749CC7AA9}.Debug|x86.ActiveCfg = Debug|Win32
		{0DFEE650-E162-46C5-81D8-3CD749CC7AA9}.Debug|x86.Build.0 = Debug|Win32
		{0DFEE650-E162-46C5-81D8-3CD749CC7AA9}.Release|Any CPU.ActiveCfg = Release|x64
		{0DFEE650-E162-46C5-81D8-3CD749CC7AA9}.Release|Any CPU.Build.0 = Release|x64
		{0DFEE650-E162-46C5-81D8-3CD749CC7AA9}.Release|x64.ActiveCfg = Release|x64
		{0DFEE650-E162-46C5-81D8-3CD749CC7AA9}.Release|x64.Build.0 = Release|x64
		{0DFEE650-E162-46C5-81D8-3CD749CC7AA9}.Release|x86.ActiveCfg = Release|Win32
		{0DFEE650-E162-46C5-81D8-3CD749CC7AA9}.Release|x86.Build.0 = Release|Win32
		{A53F64C4-0569-4D60-A87C-C5D4A85AB5B6}.Debug|Any CPU.ActiveCfg = Debug|x64
		{A53F64C4-0569-4D60-A87C-C5D4A85AB5B6}.Debug|Any CPU.Build.0 = Debug|x64
		{A53F64C4-0569-4D60-A87C-C5D4A85AB5B6}.Debug|x64.ActiveCfg = Debug|x64
		{A53F64C4-0569-4D60-A87C-C5D4A85AB5B6}.Debug|x64.Build.0 = Debug|x64
		{A53F64C4-0569-4D60-A87C-C5D4A85AB5B6}.Debug|x86.ActiveCfg = Debug|Win32
		{A53F64C4-0569-4D60-A87C-C5D4A85AB5B6}.Debug|x86.Build.0 = Debug|Win32
		{A53F64C4-0569-4D60-A87C-C5D4A85AB5B6}.Release|Any CPU.ActiveCfg = Release|x64
		{A53F64C4-0569-4D60-A87C-C5D4A85AB5B6}.Release|Any CPU.Build.0 = Release|x64
		{A53F64C4-0569-4D60-A87C-C5D4A85AB5B6}.Release|x64.ActiveCfg = Release|x64
		{A53F64C4-0569-4D60-A87C-C5D4A85AB5B6}.Release|x64.Build.0 = Release|x64
		{A53F64C4-0569-4D60-A87C-C5D4A85AB5B6}.Release|x86.ActiveCfg = Release|Win32
		{A53F64C4-0569-4D60-A87C-C5D4A85AB5B6}.Release|x86.Build.0 = Release|Win32
	EndGlobalSection
	GlobalSection(SolutionProperties) = preSolution
		HideSolutionNode = FALSE
	EndGlobalSection
	GlobalSection(ExtensibilityGlobals) = postSolution
		SolutionGuid = {48B83D81-A645-4083-9B1B-3A2E6C74F659}
	EndGlobalSection
EndGlobal
